// !$*UTF8*$!
{
	archiveVersion = 1;
	classes = {
	};
	objectVersion = 55;
	objects = {

/* Begin PBXBuildFile section */
		C018D6E2291D01D800EA444D /* Network.swift in Sources */ = {isa = PBXBuildFile; fileRef = C018D6E1291D01D800EA444D /* Network.swift */; };
		C018D6E4291D6CCB00EA444D /* Color.swift in Sources */ = {isa = PBXBuildFile; fileRef = C018D6E3291D6CCB00EA444D /* Color.swift */; };
		C018D6E6291D6D7200EA444D /* UIColor + extension.swift in Sources */ = {isa = PBXBuildFile; fileRef = C018D6E5291D6D7200EA444D /* UIColor + extension.swift */; };
		C0CCF1CD291BC4B3008FC214 /* AppDelegate.swift in Sources */ = {isa = PBXBuildFile; fileRef = C0CCF1CC291BC4B3008FC214 /* AppDelegate.swift */; };
		C0CCF1CF291BC4B3008FC214 /* SceneDelegate.swift in Sources */ = {isa = PBXBuildFile; fileRef = C0CCF1CE291BC4B3008FC214 /* SceneDelegate.swift */; };
		C0CCF1D1291BC4B3008FC214 /* ViewController.swift in Sources */ = {isa = PBXBuildFile; fileRef = C0CCF1D0291BC4B3008FC214 /* ViewController.swift */; };
		C0CCF1D6291BC4B4008FC214 /* Assets.xcassets in Resources */ = {isa = PBXBuildFile; fileRef = C0CCF1D5291BC4B4008FC214 /* Assets.xcassets */; };
		C0CCF1D9291BC4B4008FC214 /* LaunchScreen.storyboard in Resources */ = {isa = PBXBuildFile; fileRef = C0CCF1D7291BC4B4008FC214 /* LaunchScreen.storyboard */; };
		C0CCF1E1291BC9C1008FC214 /* TapBarController.swift in Sources */ = {isa = PBXBuildFile; fileRef = C0CCF1E0291BC9C1008FC214 /* TapBarController.swift */; };
		C0CCF1E5291BCCE2008FC214 /* MapViewController.swift in Sources */ = {isa = PBXBuildFile; fileRef = C0CCF1E4291BCCE2008FC214 /* MapViewController.swift */; };
		C0CCF1E7291BD214008FC214 /* BaseController.swift in Sources */ = {isa = PBXBuildFile; fileRef = C0CCF1E6291BD214008FC214 /* BaseController.swift */; };
		C0FBEDEB291D861600E3F37C /* PpmTableViewCell.swift in Sources */ = {isa = PBXBuildFile; fileRef = C0FBEDEA291D861600E3F37C /* PpmTableViewCell.swift */; };
/* End PBXBuildFile section */

/* Begin PBXFileReference section */
		C018D6E1291D01D800EA444D /* Network.swift */ = {isa = PBXFileReference; lastKnownFileType = sourcecode.swift; path = Network.swift; sourceTree = "<group>"; };
		C018D6E3291D6CCB00EA444D /* Color.swift */ = {isa = PBXFileReference; lastKnownFileType = sourcecode.swift; path = Color.swift; sourceTree = "<group>"; };
		C018D6E5291D6D7200EA444D /* UIColor + extension.swift */ = {isa = PBXFileReference; lastKnownFileType = sourcecode.swift; path = "UIColor + extension.swift"; sourceTree = "<group>"; };
		C0CCF1C9291BC4B3008FC214 /* Air Quality.app */ = {isa = PBXFileReference; explicitFileType = wrapper.application; includeInIndex = 0; path = "Air Quality.app"; sourceTree = BUILT_PRODUCTS_DIR; };
		C0CCF1CC291BC4B3008FC214 /* AppDelegate.swift */ = {isa = PBXFileReference; lastKnownFileType = sourcecode.swift; path = AppDelegate.swift; sourceTree = "<group>"; };
		C0CCF1CE291BC4B3008FC214 /* SceneDelegate.swift */ = {isa = PBXFileReference; lastKnownFileType = sourcecode.swift; path = SceneDelegate.swift; sourceTree = "<group>"; };
		C0CCF1D0291BC4B3008FC214 /* ViewController.swift */ = {isa = PBXFileReference; lastKnownFileType = sourcecode.swift; path = ViewController.swift; sourceTree = "<group>"; };
		C0CCF1D5291BC4B4008FC214 /* Assets.xcassets */ = {isa = PBXFileReference; lastKnownFileType = folder.assetcatalog; path = Assets.xcassets; sourceTree = "<group>"; };
		C0CCF1D8291BC4B4008FC214 /* Base */ = {isa = PBXFileReference; lastKnownFileType = file.storyboard; name = Base; path = Base.lproj/LaunchScreen.storyboard; sourceTree = "<group>"; };
		C0CCF1DA291BC4B4008FC214 /* Info.plist */ = {isa = PBXFileReference; lastKnownFileType = text.plist.xml; path = Info.plist; sourceTree = "<group>"; };
		C0CCF1E0291BC9C1008FC214 /* TapBarController.swift */ = {isa = PBXFileReference; lastKnownFileType = sourcecode.swift; path = TapBarController.swift; sourceTree = "<group>"; };
		C0CCF1E4291BCCE2008FC214 /* MapViewController.swift */ = {isa = PBXFileReference; lastKnownFileType = sourcecode.swift; path = MapViewController.swift; sourceTree = "<group>"; };
		C0CCF1E6291BD214008FC214 /* BaseController.swift */ = {isa = PBXFileReference; lastKnownFileType = sourcecode.swift; path = BaseController.swift; sourceTree = "<group>"; };
		C0FBEDEA291D861600E3F37C /* PpmTableViewCell.swift */ = {isa = PBXFileReference; lastKnownFileType = sourcecode.swift; path = PpmTableViewCell.swift; sourceTree = "<group>"; };
/* End PBXFileReference section */

/* Begin PBXFrameworksBuildPhase section */
		C0CCF1C6291BC4B3008FC214 /* Frameworks */ = {
			isa = PBXFrameworksBuildPhase;
			buildActionMask = 2147483647;
			files = (
			);
			runOnlyForDeploymentPostprocessing = 0;
		};
/* End PBXFrameworksBuildPhase section */

/* Begin PBXGroup section */
		C0CCF1C0291BC4B3008FC214 = {
			isa = PBXGroup;
			children = (
				C0CCF1CB291BC4B3008FC214 /* Air Quality */,
				C0CCF1CA291BC4B3008FC214 /* Products */,
			);
			sourceTree = "<group>";
		};
		C0CCF1CA291BC4B3008FC214 /* Products */ = {
			isa = PBXGroup;
			children = (
				C0CCF1C9291BC4B3008FC214 /* Air Quality.app */,
			);
			name = Products;
			sourceTree = "<group>";
		};
		C0CCF1CB291BC4B3008FC214 /* Air Quality */ = {
			isa = PBXGroup;
			children = (
				C0FBEDEA291D861600E3F37C /* PpmTableViewCell.swift */,
				C018D6E5291D6D7200EA444D /* UIColor + extension.swift */,
				C0CCF1CC291BC4B3008FC214 /* AppDelegate.swift */,
				C0CCF1CE291BC4B3008FC214 /* SceneDelegate.swift */,
				C0CCF1D5291BC4B4008FC214 /* Assets.xcassets */,
				C0CCF1D7291BC4B4008FC214 /* LaunchScreen.storyboard */,
				C0CCF1DA291BC4B4008FC214 /* Info.plist */,
				C0CCF1D0291BC4B3008FC214 /* ViewController.swift */,
				C0CCF1E4291BCCE2008FC214 /* MapViewController.swift */,
				C0CCF1E0291BC9C1008FC214 /* TapBarController.swift */,
				C0CCF1E6291BD214008FC214 /* BaseController.swift */,
				C018D6E1291D01D800EA444D /* Network.swift */,
				C018D6E3291D6CCB00EA444D /* Color.swift */,
			);
			path = "Air Quality";
			sourceTree = "<group>";
		};
/* End PBXGroup section */

/* Begin PBXNativeTarget section */
		C0CCF1C8291BC4B3008FC214 /* Air Quality */ = {
			isa = PBXNativeTarget;
			buildConfigurationList = C0CCF1DD291BC4B4008FC214 /* Build configuration list for PBXNativeTarget "Air Quality" */;
			buildPhases = (
				C0CCF1C5291BC4B3008FC214 /* Sources */,
				C0CCF1C6291BC4B3008FC214 /* Frameworks */,
				C0CCF1C7291BC4B3008FC214 /* Resources */,
			);
			buildRules = (
			);
			dependencies = (
			);
			name = "Air Quality";
			productName = "Air Quality";
			productReference = C0CCF1C9291BC4B3008FC214 /* Air Quality.app */;
			productType = "com.apple.product-type.application";
		};
/* End PBXNativeTarget section */

/* Begin PBXProject section */
		C0CCF1C1291BC4B3008FC214 /* Project object */ = {
			isa = PBXProject;
			attributes = {
				BuildIndependentTargetsInParallel = 1;
				LastSwiftUpdateCheck = 1340;
				LastUpgradeCheck = 1340;
				TargetAttributes = {
					C0CCF1C8291BC4B3008FC214 = {
						CreatedOnToolsVersion = 13.4.1;
					};
				};
			};
			buildConfigurationList = C0CCF1C4291BC4B3008FC214 /* Build configuration list for PBXProject "Air Quality" */;
			compatibilityVersion = "Xcode 13.0";
			developmentRegion = en;
			hasScannedForEncodings = 0;
			knownRegions = (
				en,
				Base,
			);
			mainGroup = C0CCF1C0291BC4B3008FC214;
			productRefGroup = C0CCF1CA291BC4B3008FC214 /* Products */;
			projectDirPath = "";
			projectRoot = "";
			targets = (
				C0CCF1C8291BC4B3008FC214 /* Air Quality */,
			);
		};
/* End PBXProject section */

/* Begin PBXResourcesBuildPhase section */
		C0CCF1C7291BC4B3008FC214 /* Resources */ = {
			isa = PBXResourcesBuildPhase;
			buildActionMask = 2147483647;
			files = (
				C0CCF1D9291BC4B4008FC214 /* LaunchScreen.storyboard in Resources */,
				C0CCF1D6291BC4B4008FC214 /* Assets.xcassets in Resources */,
			);
			runOnlyForDeploymentPostprocessing = 0;
		};
/* End PBXResourcesBuildPhase section */

/* Begin PBXSourcesBuildPhase section */
		C0CCF1C5291BC4B3008FC214 /* Sources */ = {
			isa = PBXSourcesBuildPhase;
			buildActionMask = 2147483647;
			files = (
				C0CCF1D1291BC4B3008FC214 /* ViewController.swift in Sources */,
				C0FBEDEB291D861600E3F37C /* PpmTableViewCell.swift in Sources */,
				C0CCF1CD291BC4B3008FC214 /* AppDelegate.swift in Sources */,
				C0CCF1CF291BC4B3008FC214 /* SceneDelegate.swift in Sources */,
				C0CCF1E5291BCCE2008FC214 /* MapViewController.swift in Sources */,
				C0CCF1E7291BD214008FC214 /* BaseController.swift in Sources */,
				C018D6E4291D6CCB00EA444D /* Color.swift in Sources */,
				C018D6E6291D6D7200EA444D /* UIColor + extension.swift in Sources */,
				C018D6E2291D01D800EA444D /* Network.swift in Sources */,
				C0CCF1E1291BC9C1008FC214 /* TapBarController.swift in Sources */,
			);
			runOnlyForDeploymentPostprocessing = 0;
		};
/* End PBXSourcesBuildPhase section */

/* Begin PBXVariantGroup section */
		C0CCF1D7291BC4B4008FC214 /* LaunchScreen.storyboard */ = {
			isa = PBXVariantGroup;
			children = (
				C0CCF1D8291BC4B4008FC214 /* Base */,
			);
			name = LaunchScreen.storyboard;
			sourceTree = "<group>";
		};
/* End PBXVariantGroup section */

/* Begin XCBuildConfiguration section */
		C0CCF1DB291BC4B4008FC214 /* Debug */ = {
			isa = XCBuildConfiguration;
			buildSettings = {
				ALWAYS_SEARCH_USER_PATHS = NO;
				CLANG_ANALYZER_NONNULL = YES;
				CLANG_ANALYZER_NUMBER_OBJECT_CONVERSION = YES_AGGRESSIVE;
				CLANG_CXX_LANGUAGE_STANDARD = "gnu++17";
				CLANG_ENABLE_MODULES = YES;
				CLANG_ENABLE_OBJC_ARC = YES;
				CLANG_ENABLE_OBJC_WEAK = YES;
				CLANG_WARN_BLOCK_CAPTURE_AUTORELEASING = YES;
				CLANG_WARN_BOOL_CONVERSION = YES;
				CLANG_WARN_COMMA = YES;
				CLANG_WARN_CONSTANT_CONVERSION = YES;
				CLANG_WARN_DEPRECATED_OBJC_IMPLEMENTATIONS = YES;
				CLANG_WARN_DIRECT_OBJC_ISA_USAGE = YES_ERROR;
				CLANG_WARN_DOCUMENTATION_COMMENTS = YES;
				CLANG_WARN_EMPTY_BODY = YES;
				CLANG_WARN_ENUM_CONVERSION = YES;
				CLANG_WARN_INFINITE_RECURSION = YES;
				CLANG_WARN_INT_CONVERSION = YES;
				CLANG_WARN_NON_LITERAL_NULL_CONVERSION = YES;
				CLANG_WARN_OBJC_IMPLICIT_RETAIN_SELF = YES;
				CLANG_WARN_OBJC_LITERAL_CONVERSION = YES;
				CLANG_WARN_OBJC_ROOT_CLASS = YES_ERROR;
				CLANG_WARN_QUOTED_INCLUDE_IN_FRAMEWORK_HEADER = YES;
				CLANG_WARN_RANGE_LOOP_ANALYSIS = YES;
				CLANG_WARN_STRICT_PROTOTYPES = YES;
				CLANG_WARN_SUSPICIOUS_MOVE = YES;
				CLANG_WARN_UNGUARDED_AVAILABILITY = YES_AGGRESSIVE;
				CLANG_WARN_UNREACHABLE_CODE = YES;
				CLANG_WARN__DUPLICATE_METHOD_MATCH = YES;
				COPY_PHASE_STRIP = NO;
				DEBUG_INFORMATION_FORMAT = dwarf;
				ENABLE_STRICT_OBJC_MSGSEND = YES;
				ENABLE_TESTABILITY = YES;
				GCC_C_LANGUAGE_STANDARD = gnu11;
				GCC_DYNAMIC_NO_PIC = NO;
				GCC_NO_COMMON_BLOCKS = YES;
				GCC_OPTIMIZATION_LEVEL = 0;
				GCC_PREPROCESSOR_DEFINITIONS = (
					"DEBUG=1",
					"$(inherited)",
				);
				GCC_WARN_64_TO_32_BIT_CONVERSION = YES;
				GCC_WARN_ABOUT_RETURN_TYPE = YES_ERROR;
				GCC_WARN_UNDECLARED_SELECTOR = YES;
				GCC_WARN_UNINITIALIZED_AUTOS = YES_AGGRESSIVE;
				GCC_WARN_UNUSED_FUNCTION = YES;
				GCC_WARN_UNUSED_VARIABLE = YES;
				IPHONEOS_DEPLOYMENT_TARGET = 15.5;
				MTL_ENABLE_DEBUG_INFO = INCLUDE_SOURCE;
				MTL_FAST_MATH = YES;
				ONLY_ACTIVE_ARCH = YES;
				SDKROOT = iphoneos;
				SWIFT_ACTIVE_COMPILATION_CONDITIONS = DEBUG;
				SWIFT_OPTIMIZATION_LEVEL = "-Onone";
			};
			name = Debug;
		};
		C0CCF1DC291BC4B4008FC214 /* Release */ = {
			isa = XCBuildConfiguration;
			buildSettings = {
				ALWAYS_SEARCH_USER_PATHS = NO;
				CLANG_ANALYZER_NONNULL = YES;
				CLANG_ANALYZER_NUMBER_OBJECT_CONVERSION = YES_AGGRESSIVE;
				CLANG_CXX_LANGUAGE_STANDARD = "gnu++17";
				CLANG_ENABLE_MODULES = YES;
				CLANG_ENABLE_OBJC_ARC = YES;
				CLANG_ENABLE_OBJC_WEAK = YES;
				CLANG_WARN_BLOCK_CAPTURE_AUTORELEASING = YES;
				CLANG_WARN_BOOL_CONVERSION = YES;
				CLANG_WARN_COMMA = YES;
				CLANG_WARN_CONSTANT_CONVERSION = YES;
				CLANG_WARN_DEPRECATED_OBJC_IMPLEMENTATIONS = YES;
				CLANG_WARN_DIRECT_OBJC_ISA_USAGE = YES_ERROR;
				CLANG_WARN_DOCUMENTATION_COMMENTS = YES;
				CLANG_WARN_EMPTY_BODY = YES;
				CLANG_WARN_ENUM_CONVERSION = YES;
				CLANG_WARN_INFINITE_RECURSION = YES;
				CLANG_WARN_INT_CONVERSION = YES;
				CLANG_WARN_NON_LITERAL_NULL_CONVERSION = YES;
				CLANG_WARN_OBJC_IMPLICIT_RETAIN_SELF = YES;
				CLANG_WARN_OBJC_LITERAL_CONVERSION = YES;
				CLANG_WARN_OBJC_ROOT_CLASS = YES_ERROR;
				CLANG_WARN_QUOTED_INCLUDE_IN_FRAMEWORK_HEADER = YES;
				CLANG_WARN_RANGE_LOOP_ANALYSIS = YES;
				CLANG_WARN_STRICT_PROTOTYPES = YES;
				CLANG_WARN_SUSPICIOUS_MOVE = YES;
				CLANG_WARN_UNGUARDED_AVAILABILITY = YES_AGGRESSIVE;
				CLANG_WARN_UNREACHABLE_CODE = YES;
				CLANG_WARN__DUPLICATE_METHOD_MATCH = YES;
				COPY_PHASE_STRIP = NO;
				DEBUG_INFORMATION_FORMAT = "dwarf-with-dsym";
				ENABLE_NS_ASSERTIONS = NO;
				ENABLE_STRICT_OBJC_MSGSEND = YES;
				GCC_C_LANGUAGE_STANDARD = gnu11;
				GCC_NO_COMMON_BLOCKS = YES;
				GCC_WARN_64_TO_32_BIT_CONVERSION = YES;
				GCC_WARN_ABOUT_RETURN_TYPE = YES_ERROR;
				GCC_WARN_UNDECLARED_SELECTOR = YES;
				GCC_WARN_UNINITIALIZED_AUTOS = YES_AGGRESSIVE;
				GCC_WARN_UNUSED_FUNCTION = YES;
				GCC_WARN_UNUSED_VARIABLE = YES;
				IPHONEOS_DEPLOYMENT_TARGET = 15.5;
				MTL_ENABLE_DEBUG_INFO = NO;
				MTL_FAST_MATH = YES;
				SDKROOT = iphoneos;
				SWIFT_COMPILATION_MODE = wholemodule;
				SWIFT_OPTIMIZATION_LEVEL = "-O";
				VALIDATE_PRODUCT = YES;
			};
			name = Release;
		};
		C0CCF1DE291BC4B4008FC214 /* Debug */ = {
			isa = XCBuildConfiguration;
			buildSettings = {
				ASSETCATALOG_COMPILER_APPICON_NAME = AppIcon;
				ASSETCATALOG_COMPILER_GLOBAL_ACCENT_COLOR_NAME = AccentColor;
				CODE_SIGN_STYLE = Automatic;
				CURRENT_PROJECT_VERSION = 1;
				DEVELOPMENT_TEAM = PFBJV2TN98;
				GENERATE_INFOPLIST_FILE = YES;
				INFOPLIST_FILE = "Air Quality/Info.plist";
				INFOPLIST_KEY_UIApplicationSupportsIndirectInputEvents = YES;
				INFOPLIST_KEY_UILaunchStoryboardName = LaunchScreen;
				INFOPLIST_KEY_UISupportedInterfaceOrientations_iPad = "UIInterfaceOrientationPortrait UIInterfaceOrientationPortraitUpsideDown UIInterfaceOrientationLandscapeLeft UIInterfaceOrientationLandscapeRight";
				INFOPLIST_KEY_UISupportedInterfaceOrientations_iPhone = "UIInterfaceOrientationPortrait UIInterfaceOrientationLandscapeLeft UIInterfaceOrientationLandscapeRight";
				LD_RUNPATH_SEARCH_PATHS = (
					"$(inherited)",
					"@executable_path/Frameworks",
				);
				MARKETING_VERSION = 1.0;
				PRODUCT_BUNDLE_IDENTIFIER = "maksimjurisov.app.Air-Quality";
				PRODUCT_NAME = "$(TARGET_NAME)";
				SWIFT_EMIT_LOC_STRINGS = YES;
				SWIFT_VERSION = 5.0;
				TARGETED_DEVICE_FAMILY = "1,2";
			};
			name = Debug;
		};
		C0CCF1DF291BC4B4008FC214 /* Release */ = {
			isa = XCBuildConfiguration;
			buildSettings = {
				ASSETCATALOG_COMPILER_APPICON_NAME = AppIcon;
				ASSETCATALOG_COMPILER_GLOBAL_ACCENT_COLOR_NAME = AccentColor;
				CODE_SIGN_STYLE = Automatic;
				CURRENT_PROJECT_VERSION = 1;
				DEVELOPMENT_TEAM = PFBJV2TN98;
				GENERATE_INFOPLIST_FILE = YES;
				INFOPLIST_FILE = "Air Quality/Info.plist";
				INFOPLIST_KEY_UIApplicationSupportsIndirectInputEvents = YES;
				INFOPLIST_KEY_UILaunchStoryboardName = LaunchScreen;
				INFOPLIST_KEY_UISupportedInterfaceOrientations_iPad = "UIInterfaceOrientationPortrait UIInterfaceOrientationPortraitUpsideDown UIInterfaceOrientationLandscapeLeft UIInterfaceOrientationLandscapeRight";
				INFOPLIST_KEY_UISupportedInterfaceOrientations_iPhone = "UIInterfaceOrientationPortrait UIInterfaceOrientationLandscapeLeft UIInterfaceOrientationLandscapeRight";
				LD_RUNPATH_SEARCH_PATHS = (
					"$(inherited)",
					"@executable_path/Frameworks",
				);
				MARKETING_VERSION = 1.0;
				PRODUCT_BUNDLE_IDENTIFIER = "maksimjurisov.app.Air-Quality";
				PRODUCT_NAME = "$(TARGET_NAME)";
				SWIFT_EMIT_LOC_STRINGS = YES;
				SWIFT_VERSION = 5.0;
				TARGETED_DEVICE_FAMILY = "1,2";
			};
			name = Release;
		};
/* End XCBuildConfiguration section */

/* Begin XCConfigurationList section */
		C0CCF1C4291BC4B3008FC214 /* Build configuration list for PBXProject "Air Quality" */ = {
			isa = XCConfigurationList;
			buildConfigurations = (
				C0CCF1DB291BC4B4008FC214 /* Debug */,
				C0CCF1DC291BC4B4008FC214 /* Release */,
			);
			defaultConfigurationIsVisible = 0;
			defaultConfigurationName = Release;
		};
		C0CCF1DD291BC4B4008FC214 /* Build configuration list for PBXNativeTarget "Air Quality" */ = {
			isa = XCConfigurationList;
			buildConfigurations = (
				C0CCF1DE291BC4B4008FC214 /* Debug */,
				C0CCF1DF291BC4B4008FC214 /* Release */,
			);
			defaultConfigurationIsVisible = 0;
			defaultConfigurationName = Release;
		};
/* End XCConfigurationList section */
	};
	rootObject = C0CCF1C1291BC4B3008FC214 /* Project object */;
}
